<Solution>
  <Folder Name="/tests/">
    <Project Path="tests/DressSharp.FixtureTests/DressSharp.FixtureTests.csproj" />
    <Project Path="tests/DressSharp.IntegrationTests/DressSharp.IntegrationTests.csproj" />
    <Project Path="tests/DressSharp.TestSupport/DressSharp.TestSupport.csproj" />
    <Project Path="tests/DressSharp.UnitTests/DressSharp.UnitTests.csproj" />
  </Folder>
  <Project Path="DressSharp/DressSharp.csproj" />
  <Folder Name="/scripts/">
    <File Path="scripts/benchmark.cs" />
    <File Path="scripts/build-docs.cs" />
    <File Path="scripts/build-interactive.cs" />
    <File Path="scripts/build.cs" />
    <File Path="scripts/install-local.cs" />
    <File Path="scripts/materialize-corpus.cs" />
    <File Path="scripts/pack.cs" />
    <File Path="scripts/prepare-release.cs" />
    <File Path="scripts/release.cs" />
    <File Path="scripts/run.cs" />
    <File Path="scripts/test.cs" />
  </Folder>
  <Folder Name="/scripts/corpus/">
    <File Path="scripts/corpus/CorpusManifest.cs" />
    <File Path="scripts/corpus/CorpusProject.cs" />
  </Folder>
  <Folder Name="/scripts/docs/">
    <File Path="scripts/docs/ContentWriter.cs" />
    <File Path="scripts/docs/LineDiff.cs" />
    <File Path="scripts/docs/RuleDocumentation.cs" />
  </Folder>
</Solution>
